
Microsoft Visual Studio Solution File, Format Version 12.00
# Visual Studio 15
VisualStudioVersion = 15.0.27004.2005
MinimumVisualStudioVersion = 10.0.40219.1
Project("{FAE04EC0-301F-11D3-BF4B-00C04F79EFBC}") = "ScrumHelper", "ScrumHelper\ScrumHelper.csproj", "{70793401-6B9B-46E2-86F1-82AD2F9DEAF9}"
EndProject
Project("{00D1A9C2-B5F0-4AF3-8072-F6C62B433612}") = "ScrumHelperData", "ScrumHelperData\ScrumHelperData.sqlproj", "{EF62C300-786D-4528-84E8-9AC3E6239F9D}"
EndProject
Global
	GlobalSection(SolutionConfigurationPlatforms) = preSolution
		Debug|Any CPU = Debug|Any CPU
		Release|Any CPU = Release|Any CPU
	EndGlobalSection
	GlobalSection(ProjectConfigurationPlatforms) = postSolution
		{70793401-6B9B-46E2-86F1-82AD2F9DEAF9}.Debug|Any CPU.ActiveCfg = Debug|Any CPU
		{70793401-6B9B-46E2-86F1-82AD2F9DEAF9}.Debug|Any CPU.Build.0 = Debug|Any CPU
		{70793401-6B9B-46E2-86F1-82AD2F9DEAF9}.Release|Any CPU.ActiveCfg = Release|Any CPU
		{70793401-6B9B-46E2-86F1-82AD2F9DEAF9}.Release|Any CPU.Build.0 = Release|Any CPU
		{EF62C300-786D-4528-84E8-9AC3E6239F9D}.Debug|Any CPU.ActiveCfg = Debug|Any CPU
		{EF62C300-786D-4528-84E8-9AC3E6239F9D}.Debug|Any CPU.Build.0 = Debug|Any CPU
		{EF62C300-786D-4528-84E8-9AC3E6239F9D}.Debug|Any CPU.Deploy.0 = Debug|Any CPU
		{EF62C300-786D-4528-84E8-9AC3E6239F9D}.Release|Any CPU.ActiveCfg = Release|Any CPU
		{EF62C300-786D-4528-84E8-9AC3E6239F9D}.Release|Any CPU.Build.0 = Release|Any CPU
		{EF62C300-786D-4528-84E8-9AC3E6239F9D}.Release|Any CPU.Deploy.0 = Release|Any CPU
	EndGlobalSection
	GlobalSection(SolutionProperties) = preSolution
		HideSolutionNode = FALSE
	EndGlobalSection
	GlobalSection(ExtensibilityGlobals) = postSolution
		SolutionGuid = {005AC591-5317-4CA9-8B47-B04ACDA25269}
	EndGlobalSection
EndGlobal
